
Microsoft Visual Studio Solution File, Format Version 12.00
# Visual Studio 14
VisualStudioVersion = 14.0.24720.0
MinimumVisualStudioVersion = 10.0.40219.1
Project("{FAE04EC0-301F-11D3-BF4B-00C04F79EFBC}") = "SaveForWebRIOT", "SaveForWebRIOT.csproj", "{B1AA7C02-0BBF-43C4-A96A-FCFF754394F9}"
EndProject
Project("{FAE04EC0-301F-11D3-BF4B-00C04F79EFBC}") = "RIOTProxy", "RIOTProxy\RIOTProxy.csproj", "{FFD5AAAA-8FAE-4508-BF2B-57B9C2F200B8}"
EndProject
Global
	GlobalSection(SolutionConfigurationPlatforms) = preSolution
		Debug|Any CPU = Debug|Any CPU
		Release|Any CPU = Release|Any CPU
	EndGlobalSection
	GlobalSection(ProjectConfigurationPlatforms) = postSolution
		{B1AA7C02-0BBF-43C4-A96A-FCFF754394F9}.Debug|Any CPU.ActiveCfg = Debug|Any CPU
		{B1AA7C02-0BBF-43C4-A96A-FCFF754394F9}.Debug|Any CPU.Build.0 = Debug|Any CPU
		{B1AA7C02-0BBF-43C4-A96A-FCFF754394F9}.Release|Any CPU.ActiveCfg = Release|Any CPU
		{B1AA7C02-0BBF-43C4-A96A-FCFF754394F9}.Release|Any CPU.Build.0 = Release|Any CPU
		{FFD5AAAA-8FAE-4508-BF2B-57B9C2F200B8}.Debug|Any CPU.ActiveCfg = Debug|Any CPU
		{FFD5AAAA-8FAE-4508-BF2B-57B9C2F200B8}.Debug|Any CPU.Build.0 = Debug|Any CPU
		{FFD5AAAA-8FAE-4508-BF2B-57B9C2F200B8}.Release|Any CPU.ActiveCfg = Release|Any CPU
		{FFD5AAAA-8FAE-4508-BF2B-57B9C2F200B8}.Release|Any CPU.Build.0 = Release|Any CPU
	EndGlobalSection
	GlobalSection(SolutionProperties) = preSolution
		HideSolutionNode = FALSE
	EndGlobalSection
EndGlobal
